
Microsoft Visual Studio Solution File, Format Version 12.00
# Visual Studio Version 16
VisualStudioVersion = 16.0.29123.89
MinimumVisualStudioVersion = 15.0.26124.0
Project("{2150E333-8FDC-42A3-9474-1A3956D46DE8}") = "src", "src", "{9BD5B9FE-F87B-427F-BD6F-8594B4BBCB08}"
	ProjectSection(SolutionItems) = preProject
		src\Directory.Build.props = src\Directory.Build.props
	EndProjectSection
EndProject
Project("{9A19103F-16F7-4668-BE54-9A1E7A4F7556}") = "RendleLabs.Interflux", "src\RendleLabs.Interflux\RendleLabs.Interflux.csproj", "{1F1D7F29-4E98-499F-AFE2-B201770D1CFB}"
EndProject
Project("{2150E333-8FDC-42A3-9474-1A3956D46DE8}") = "test", "test", "{96E436AC-1201-406D-B30D-4AC5672A09F5}"
EndProject
Project("{FAE04EC0-301F-11D3-BF4B-00C04F79EFBC}") = "RendleLabs.Interflux.ServerTests", "test\RendleLabs.Interflux.ServerTests\RendleLabs.Interflux.ServerTests.csproj", "{DB51A92E-8E27-4892-9784-B49F4796B906}"
EndProject
Project("{FAE04EC0-301F-11D3-BF4B-00C04F79EFBC}") = "RendleLabs.Interflux.UnitTests", "test\RendleLabs.Interflux.UnitTests\RendleLabs.Interflux.UnitTests.csproj", "{000EF4BC-F5F8-41BB-98F4-56889ACBB902}"
EndProject
Global
	GlobalSection(SolutionConfigurationPlatforms) = preSolution
		Debug|Any CPU = Debug|Any CPU
		Debug|x64 = Debug|x64
		Debug|x86 = Debug|x86
		Release|Any CPU = Release|Any CPU
		Release|x64 = Release|x64
		Release|x86 = Release|x86
	EndGlobalSection
	GlobalSection(ProjectConfigurationPlatforms) = postSolution
		{1F1D7F29-4E98-499F-AFE2-B201770D1CFB}.Debug|Any CPU.ActiveCfg = Debug|Any CPU
		{1F1D7F29-4E98-499F-AFE2-B201770D1CFB}.Debug|Any CPU.Build.0 = Debug|Any CPU
		{1F1D7F29-4E98-499F-AFE2-B201770D1CFB}.Debug|x64.ActiveCfg = Debug|Any CPU
		{1F1D7F29-4E98-499F-AFE2-B201770D1CFB}.Debug|x64.Build.0 = Debug|Any CPU
		{1F1D7F29-4E98-499F-AFE2-B201770D1CFB}.Debug|x86.ActiveCfg = Debug|Any CPU
		{1F1D7F29-4E98-499F-AFE2-B201770D1CFB}.Debug|x86.Build.0 = Debug|Any CPU
		{1F1D7F29-4E98-499F-AFE2-B201770D1CFB}.Release|Any CPU.ActiveCfg = Release|Any CPU
		{1F1D7F29-4E98-499F-AFE2-B201770D1CFB}.Release|Any CPU.Build.0 = Release|Any CPU
		{1F1D7F29-4E98-499F-AFE2-B201770D1CFB}.Release|x64.ActiveCfg = Release|Any CPU
		{1F1D7F29-4E98-499F-AFE2-B201770D1CFB}.Release|x64.Build.0 = Release|Any CPU
		{1F1D7F29-4E98-499F-AFE2-B201770D1CFB}.Release|x86.ActiveCfg = Release|Any CPU
		{1F1D7F29-4E98-499F-AFE2-B201770D1CFB}.Release|x86.Build.0 = Release|Any CPU
		{DB51A92E-8E27-4892-9784-B49F4796B906}.Debug|Any CPU.ActiveCfg = Debug|Any CPU
		{DB51A92E-8E27-4892-9784-B49F4796B906}.Debug|Any CPU.Build.0 = Debug|Any CPU
		{DB51A92E-8E27-4892-9784-B49F4796B906}.Debug|x64.ActiveCfg = Debug|Any CPU
		{DB51A92E-8E27-4892-9784-B49F4796B906}.Debug|x64.Build.0 = Debug|Any CPU
		{DB51A92E-8E27-4892-9784-B49F4796B906}.Debug|x86.ActiveCfg = Debug|Any CPU
		{DB51A92E-8E27-4892-9784-B49F4796B906}.Debug|x86.Build.0 = Debug|Any CPU
		{DB51A92E-8E27-4892-9784-B49F4796B906}.Release|Any CPU.ActiveCfg = Release|Any CPU
		{DB51A92E-8E27-4892-9784-B49F4796B906}.Release|Any CPU.Build.0 = Release|Any CPU
		{DB51A92E-8E27-4892-9784-B49F4796B906}.Release|x64.ActiveCfg = Release|Any CPU
		{DB51A92E-8E27-4892-9784-B49F4796B906}.Release|x64.Build.0 = Release|Any CPU
		{DB51A92E-8E27-4892-9784-B49F4796B906}.Release|x86.ActiveCfg = Release|Any CPU
		{DB51A92E-8E27-4892-9784-B49F4796B906}.Release|x86.Build.0 = Release|Any CPU
		{000EF4BC-F5F8-41BB-98F4-56889ACBB902}.Debug|Any CPU.ActiveCfg = Debug|Any CPU
		{000EF4BC-F5F8-41BB-98F4-56889ACBB902}.Debug|Any CPU.Build.0 = Debug|Any CPU
		{000EF4BC-F5F8-41BB-98F4-56889ACBB902}.Debug|x64.ActiveCfg = Debug|Any CPU
		{000EF4BC-F5F8-41BB-98F4-56889ACBB902}.Debug|x64.Build.0 = Debug|Any CPU
		{000EF4BC-F5F8-41BB-98F4-56889ACBB902}.Debug|x86.ActiveCfg = Debug|Any CPU
		{000EF4BC-F5F8-41BB-98F4-56889ACBB902}.Debug|x86.Build.0 = Debug|Any CPU
		{000EF4BC-F5F8-41BB-98F4-56889ACBB902}.Release|Any CPU.ActiveCfg = Release|Any CPU
		{000EF4BC-F5F8-41BB-98F4-56889ACBB902}.Release|Any CPU.Build.0 = Release|Any CPU
		{000EF4BC-F5F8-41BB-98F4-56889ACBB902}.Release|x64.ActiveCfg = Release|Any CPU
		{000EF4BC-F5F8-41BB-98F4-56889ACBB902}.Release|x64.Build.0 = Release|Any CPU
		{000EF4BC-F5F8-41BB-98F4-56889ACBB902}.Release|x86.ActiveCfg = Release|Any CPU
		{000EF4BC-F5F8-41BB-98F4-56889ACBB902}.Release|x86.Build.0 = Release|Any CPU
	EndGlobalSection
	GlobalSection(SolutionProperties) = preSolution
		HideSolutionNode = FALSE
	EndGlobalSection
	GlobalSection(NestedProjects) = preSolution
		{1F1D7F29-4E98-499F-AFE2-B201770D1CFB} = {9BD5B9FE-F87B-427F-BD6F-8594B4BBCB08}
		{DB51A92E-8E27-4892-9784-B49F4796B906} = {96E436AC-1201-406D-B30D-4AC5672A09F5}
		{000EF4BC-F5F8-41BB-98F4-56889ACBB902} = {96E436AC-1201-406D-B30D-4AC5672A09F5}
	EndGlobalSection
	GlobalSection(ExtensibilityGlobals) = postSolution
		SolutionGuid = {CFB87D4F-DD6C-4980-9FAE-F0E321AFED52}
	EndGlobalSection
EndGlobal
